
Microsoft Visual Studio Solution File, Format Version 12.00
# Visual Studio Version 16
VisualStudioVersion = 16.0.31624.102
MinimumVisualStudioVersion = 10.0.40219.1
Project("{9A19103F-16F7-4668-BE54-9A1E7A4F7556}") = "Kitias.Identity.Server", "Kitias.Identity.Server\Kitias.Identity.Server.csproj", "{AF4B94B0-5D23-433D-9FBF-F10DF33E78EE}"
EndProject
Global
	GlobalSection(SolutionConfigurationPlatforms) = preSolution
		Debug|Any CPU = Debug|Any CPU
		Release|Any CPU = Release|Any CPU
	EndGlobalSection
	GlobalSection(ProjectConfigurationPlatforms) = postSolution
		{AF4B94B0-5D23-433D-9FBF-F10DF33E78EE}.Debug|Any CPU.ActiveCfg = Debug|Any CPU
		{AF4B94B0-5D23-433D-9FBF-F10DF33E78EE}.Debug|Any CPU.Build.0 = Debug|Any CPU
		{AF4B94B0-5D23-433D-9FBF-F10DF33E78EE}.Release|Any CPU.ActiveCfg = Release|Any CPU
		{AF4B94B0-5D23-433D-9FBF-F10DF33E78EE}.Release|Any CPU.Build.0 = Release|Any CPU
	EndGlobalSection
	GlobalSection(SolutionProperties) = preSolution
		HideSolutionNode = FALSE
	EndGlobalSection
	GlobalSection(ExtensibilityGlobals) = postSolution
		SolutionGuid = {407321F9-51FF-4A8F-83B4-77819E42A724}
	EndGlobalSection
EndGlobal
